
Microsoft Visual Studio Solution File, Format Version 12.00
# Visual Studio 15
VisualStudioVersion = 15.0.27703.2018
MinimumVisualStudioVersion = 10.0.40219.1
Project("{FAE04EC0-301F-11D3-BF4B-00C04F79EFBC}") = "iPodSimConsole", "iPodSimConsole\iPodSimConsole.csproj", "{5FF2456A-8441-4AAD-9E73-73B6AE924C73}"
EndProject
Global
	GlobalSection(SolutionConfigurationPlatforms) = preSolution
		Debug|Any CPU = Debug|Any CPU
		Release|Any CPU = Release|Any CPU
	EndGlobalSection
	GlobalSection(ProjectConfigurationPlatforms) = postSolution
		{5FF2456A-8441-4AAD-9E73-73B6AE924C73}.Debug|Any CPU.ActiveCfg = Debug|Any CPU
		{5FF2456A-8441-4AAD-9E73-73B6AE924C73}.Debug|Any CPU.Build.0 = Debug|Any CPU
		{5FF2456A-8441-4AAD-9E73-73B6AE924C73}.Release|Any CPU.ActiveCfg = Release|Any CPU
		{5FF2456A-8441-4AAD-9E73-73B6AE924C73}.Release|Any CPU.Build.0 = Release|Any CPU
	EndGlobalSection
	GlobalSection(SolutionProperties) = preSolution
		HideSolutionNode = FALSE
	EndGlobalSection
	GlobalSection(ExtensibilityGlobals) = postSolution
		SolutionGuid = {02630E68-6298-479A-9F9C-0C6934D777E3}
	EndGlobalSection
EndGlobal
